
Microsoft Visual Studio Solution File, Format Version 12.00
# Visual Studio Version 16
VisualStudioVersion = 16.0.30621.155
MinimumVisualStudioVersion = 10.0.40219.1
Project("{FAE04EC0-301F-11D3-BF4B-00C04F79EFBC}") = "testing", "testing\testing.csproj", "{58316028-7ED3-4D74-82D5-F3B4065D287E}"
EndProject
Global
	GlobalSection(SolutionConfigurationPlatforms) = preSolution
		Debug|Any CPU = Debug|Any CPU
		Release|Any CPU = Release|Any CPU
	EndGlobalSection
	GlobalSection(ProjectConfigurationPlatforms) = postSolution
		{58316028-7ED3-4D74-82D5-F3B4065D287E}.Debug|Any CPU.ActiveCfg = Debug|Any CPU
		{58316028-7ED3-4D74-82D5-F3B4065D287E}.Debug|Any CPU.Build.0 = Debug|Any CPU
		{58316028-7ED3-4D74-82D5-F3B4065D287E}.Release|Any CPU.ActiveCfg = Release|Any CPU
		{58316028-7ED3-4D74-82D5-F3B4065D287E}.Release|Any CPU.Build.0 = Release|Any CPU
	EndGlobalSection
	GlobalSection(SolutionProperties) = preSolution
		HideSolutionNode = FALSE
	EndGlobalSection
	GlobalSection(ExtensibilityGlobals) = postSolution
		SolutionGuid = {42CE7A1C-E902-49BD-ACC8-2058EC6B6C67}
	EndGlobalSection
EndGlobal
