
Microsoft Visual Studio Solution File, Format Version 12.00
# Visual Studio Version 16
VisualStudioVersion = 16.0.30413.136
MinimumVisualStudioVersion = 10.0.40219.1
Project("{FAE04EC0-301F-11D3-BF4B-00C04F79EFBC}") = "PCB-S04-Grp3_Project_TobiasHalomoan4252861", "PCB-S04-Grp3_Project_TobiasHalomoan4252861.csproj", "{808A41C8-585B-4F6E-A5E9-E1EC75B8EFBC}"
EndProject
Global
	GlobalSection(SolutionConfigurationPlatforms) = preSolution
		Debug|Any CPU = Debug|Any CPU
		Release|Any CPU = Release|Any CPU
	EndGlobalSection
	GlobalSection(ProjectConfigurationPlatforms) = postSolution
		{808A41C8-585B-4F6E-A5E9-E1EC75B8EFBC}.Debug|Any CPU.ActiveCfg = Debug|Any CPU
		{808A41C8-585B-4F6E-A5E9-E1EC75B8EFBC}.Debug|Any CPU.Build.0 = Debug|Any CPU
		{808A41C8-585B-4F6E-A5E9-E1EC75B8EFBC}.Release|Any CPU.ActiveCfg = Release|Any CPU
		{808A41C8-585B-4F6E-A5E9-E1EC75B8EFBC}.Release|Any CPU.Build.0 = Release|Any CPU
	EndGlobalSection
	GlobalSection(SolutionProperties) = preSolution
		HideSolutionNode = FALSE
	EndGlobalSection
	GlobalSection(ExtensibilityGlobals) = postSolution
		SolutionGuid = {8C7A028A-214B-4AF1-8CFD-E778E9CF0709}
	EndGlobalSection
EndGlobal
